PODS:
  - CodePush (5.0.0):
    - CodePush/Core (= 5.0.0)
    - CodePush/SSZipArchive (= 5.0.0)
    - React
  - CodePush/Core (5.0.0):
    - React
  - CodePush/SSZipArchive (5.0.0):
    - React
  - React (0.46.4):
    - React/Core (= 0.46.4)
  - React/ART (0.46.4):
    - React/Core
  - React/BatchedBridge (0.46.4):
    - React/Core
    - React/cxxreact_legacy
  - React/Core (0.46.4):
    - Yoga (= 0.46.4.React)
  - React/cxxreact_legacy (0.46.4):
    - React/jschelpers_legacy
  - React/DevSupport (0.46.4):
    - React/Core
    - React/RCTWebSocket
  - React/jschelpers_legacy (0.46.4)
  - React/RCTActionSheet (0.46.4):
    - React/Core
  - React/RCTAdSupport (0.46.4):
    - React/Core
  - React/RCTAnimation (0.46.4):
    - React/Core
  - React/RCTGeolocation (0.46.4):
    - React/Core
  - React/RCTImage (0.46.4):
    - React/Core
    - React/RCTNetwork
  - React/RCTLinkingIOS (0.46.4):
    - React/Core
  - React/RCTNetwork (0.46.4):
    - React/Core
  - React/RCTPushNotification (0.46.4):
    - React/Core
  - React/RCTSettings (0.46.4):
    - React/Core
  - React/RCTText (0.46.4):
    - React/Core
  - React/RCTVibration (0.46.4):
    - React/Core
  - React/RCTWebSocket (0.46.4):
    - React/Core
  - ReactiveCocoa (2.5):
    - ReactiveCocoa/UI (= 2.5)
  - ReactiveCocoa/Core (2.5):
    - ReactiveCocoa/no-arc
  - ReactiveCocoa/no-arc (2.5)
  - ReactiveCocoa/UI (2.5):
    - ReactiveCocoa/Core
  - SocketRocket (0.5.1)
  - WeexSDK (0.15.1):
    - SocketRocket
  - Yoga (0.46.4.React)

DEPENDENCIES:
  - CodePush (from `./node_modules/react-native-code-push`)
  - React/ART (from `./node_modules/react-native/`)
  - React/BatchedBridge (from `./node_modules/react-native/`)
  - React/Core (from `./node_modules/react-native/`)
  - React/DevSupport (from `./node_modules/react-native/`)
  - React/RCTActionSheet (from `./node_modules/react-native/`)
  - React/RCTAdSupport (from `./node_modules/react-native/`)
  - React/RCTAnimation (from `./node_modules/react-native/`)
  - React/RCTGeolocation (from `./node_modules/react-native/`)
  - React/RCTImage (from `./node_modules/react-native/`)
  - React/RCTLinkingIOS (from `./node_modules/react-native/`)
  - React/RCTNetwork (from `./node_modules/react-native/`)
  - React/RCTPushNotification (from `./node_modules/react-native/`)
  - React/RCTSettings (from `./node_modules/react-native/`)
  - React/RCTText (from `./node_modules/react-native/`)
  - React/RCTVibration (from `./node_modules/react-native/`)
  - React/RCTWebSocket (from `./node_modules/react-native/`)
  - ReactiveCocoa (= 2.5)
  - WeexSDK
  - Yoga (from `./node_modules/react-native/ReactCommon/yoga`)

EXTERNAL SOURCES:
  CodePush:
    :path: "./node_modules/react-native-code-push"
  React:
    :path: "./node_modules/react-native/"
  Yoga:
    :path: "./node_modules/react-native/ReactCommon/yoga"

SPEC CHECKSUMS:
  CodePush: 1beede48311c3fa5627587ff982efb81985e5047
  React: 596d8774642d10fea20b1f24cc591fcf633f73ad
  ReactiveCocoa: e2db045570aa97c695e7aa97c2bcab222ae51f4a
  SocketRocket: d57c7159b83c3c6655745cd15302aa24b6bae531
  WeexSDK: 5282685df6d7279213a51a3142b915759f6e3413
  Yoga: 98e24da91afe33bb43fedaf27dafede269c04fe8

PODFILE CHECKSUM: a8d358af131017c1238a06afa7f7d259ff6f1145

COCOAPODS: 1.2.1
